
Microsoft Visual Studio Solution File, Format Version 12.00
# Visual Studio Version 17
VisualStudioVersion = 17.9.34902.65
MinimumVisualStudioVersion = 10.0.40219.1
Project("{9A19103F-16F7-4668-BE54-9A1E7A4F7556}") = "laba14", "laba14\laba14.csproj", "{E55F8325-64D9-4674-BA87-2FC8F45788A7}"
EndProject
Project("{FAE04EC0-301F-11D3-BF4B-00C04F79EFBC}") = "TestProject1", "TestProject1\TestProject1.csproj", "{80C20449-7387-4BF2-897C-35721DE7B0F6}"
EndProject
Global
	GlobalSection(SolutionConfigurationPlatforms) = preSolution
		Debug|Any CPU = Debug|Any CPU
		Release|Any CPU = Release|Any CPU
	EndGlobalSection
	GlobalSection(ProjectConfigurationPlatforms) = postSolution
		{E55F8325-64D9-4674-BA87-2FC8F45788A7}.Debug|Any CPU.ActiveCfg = Debug|Any CPU
		{E55F8325-64D9-4674-BA87-2FC8F45788A7}.Debug|Any CPU.Build.0 = Debug|Any CPU
		{E55F8325-64D9-4674-BA87-2FC8F45788A7}.Release|Any CPU.ActiveCfg = Release|Any CPU
		{E55F8325-64D9-4674-BA87-2FC8F45788A7}.Release|Any CPU.Build.0 = Release|Any CPU
		{80C20449-7387-4BF2-897C-35721DE7B0F6}.Debug|Any CPU.ActiveCfg = Debug|Any CPU
		{80C20449-7387-4BF2-897C-35721DE7B0F6}.Debug|Any CPU.Build.0 = Debug|Any CPU
		{80C20449-7387-4BF2-897C-35721DE7B0F6}.Release|Any CPU.ActiveCfg = Release|Any CPU
		{80C20449-7387-4BF2-897C-35721DE7B0F6}.Release|Any CPU.Build.0 = Release|Any CPU
	EndGlobalSection
	GlobalSection(SolutionProperties) = preSolution
		HideSolutionNode = FALSE
	EndGlobalSection
	GlobalSection(ExtensibilityGlobals) = postSolution
		SolutionGuid = {B4E05F0D-60D1-484B-963F-2DDC24D190A5}
	EndGlobalSection
EndGlobal
